
Microsoft Visual Studio Solution File, Format Version 12.00
Project("{FAE04EC0-301F-11D3-BF4B-00C04F79EFBC}") = "TurboCollections", "TurboCollections\TurboCollections.csproj", "{E46DFF86-20C6-4C0F-BC38-96A950773B46}"
EndProject
Project("{FAE04EC0-301F-11D3-BF4B-00C04F79EFBC}") = "CustomerManagement", "CustomerManagement\CustomerManagement.csproj", "{C7627C90-6F47-480A-8A59-D076D55D5E47}"
EndProject
Global
	GlobalSection(SolutionConfigurationPlatforms) = preSolution
		Debug|Any CPU = Debug|Any CPU
		Release|Any CPU = Release|Any CPU
	EndGlobalSection
	GlobalSection(ProjectConfigurationPlatforms) = postSolution
		{E46DFF86-20C6-4C0F-BC38-96A950773B46}.Debug|Any CPU.ActiveCfg = Debug|Any CPU
		{E46DFF86-20C6-4C0F-BC38-96A950773B46}.Debug|Any CPU.Build.0 = Debug|Any CPU
		{E46DFF86-20C6-4C0F-BC38-96A950773B46}.Release|Any CPU.ActiveCfg = Release|Any CPU
		{E46DFF86-20C6-4C0F-BC38-96A950773B46}.Release|Any CPU.Build.0 = Release|Any CPU
		{C7627C90-6F47-480A-8A59-D076D55D5E47}.Debug|Any CPU.ActiveCfg = Debug|Any CPU
		{C7627C90-6F47-480A-8A59-D076D55D5E47}.Debug|Any CPU.Build.0 = Debug|Any CPU
		{C7627C90-6F47-480A-8A59-D076D55D5E47}.Release|Any CPU.ActiveCfg = Release|Any CPU
		{C7627C90-6F47-480A-8A59-D076D55D5E47}.Release|Any CPU.Build.0 = Release|Any CPU
	EndGlobalSection
EndGlobal
